
Microsoft Visual Studio Solution File, Format Version 12.00
# Visual Studio Version 17
VisualStudioVersion = 17.1.32210.238
MinimumVisualStudioVersion = 10.0.40219.1
Project("{9A19103F-16F7-4668-BE54-9A1E7A4F7556}") = "GUI_HotelManagement", "..\GUI_HotelManagement\GUI_HotelManagement.csproj", "{9F1EB8E1-06A2-4C0B-93AD-5105DDFF9AAE}"
EndProject
Project("{9A19103F-16F7-4668-BE54-9A1E7A4F7556}") = "DAO_HotelManagement", "..\DAO_HotelManagement\DAO_HotelManagement.csproj", "{2E5D62B3-E98C-48C0-8DE4-6D4727894C31}"
EndProject
Project("{9A19103F-16F7-4668-BE54-9A1E7A4F7556}") = "BUS_HotelManagement", "..\BUS_HotelManagement\BUS_HotelManagement.csproj", "{71FA9F62-D090-48C6-A687-80AB9D8FCC40}"
EndProject
Project("{FAE04EC0-301F-11D3-BF4B-00C04F79EFBC}") = "DTO_HotelManagement", "..\DTO_HotelManagement\DTO_HotelManagement.csproj", "{0EF60B1C-5EAC-4A4F-B05F-C60772AE9731}"
EndProject
Global
	GlobalSection(SolutionConfigurationPlatforms) = preSolution
		Debug|Any CPU = Debug|Any CPU
		Release|Any CPU = Release|Any CPU
	EndGlobalSection
	GlobalSection(ProjectConfigurationPlatforms) = postSolution
		{9F1EB8E1-06A2-4C0B-93AD-5105DDFF9AAE}.Debug|Any CPU.ActiveCfg = Debug|Any CPU
		{9F1EB8E1-06A2-4C0B-93AD-5105DDFF9AAE}.Debug|Any CPU.Build.0 = Debug|Any CPU
		{9F1EB8E1-06A2-4C0B-93AD-5105DDFF9AAE}.Release|Any CPU.ActiveCfg = Release|Any CPU
		{9F1EB8E1-06A2-4C0B-93AD-5105DDFF9AAE}.Release|Any CPU.Build.0 = Release|Any CPU
		{2E5D62B3-E98C-48C0-8DE4-6D4727894C31}.Debug|Any CPU.ActiveCfg = Debug|Any CPU
		{2E5D62B3-E98C-48C0-8DE4-6D4727894C31}.Debug|Any CPU.Build.0 = Debug|Any CPU
		{2E5D62B3-E98C-48C0-8DE4-6D4727894C31}.Release|Any CPU.ActiveCfg = Release|Any CPU
		{2E5D62B3-E98C-48C0-8DE4-6D4727894C31}.Release|Any CPU.Build.0 = Release|Any CPU
		{71FA9F62-D090-48C6-A687-80AB9D8FCC40}.Debug|Any CPU.ActiveCfg = Debug|Any CPU
		{71FA9F62-D090-48C6-A687-80AB9D8FCC40}.Debug|Any CPU.Build.0 = Debug|Any CPU
		{71FA9F62-D090-48C6-A687-80AB9D8FCC40}.Release|Any CPU.ActiveCfg = Release|Any CPU
		{71FA9F62-D090-48C6-A687-80AB9D8FCC40}.Release|Any CPU.Build.0 = Release|Any CPU
		{0EF60B1C-5EAC-4A4F-B05F-C60772AE9731}.Debug|Any CPU.ActiveCfg = Debug|Any CPU
		{0EF60B1C-5EAC-4A4F-B05F-C60772AE9731}.Debug|Any CPU.Build.0 = Debug|Any CPU
		{0EF60B1C-5EAC-4A4F-B05F-C60772AE9731}.Release|Any CPU.ActiveCfg = Release|Any CPU
		{0EF60B1C-5EAC-4A4F-B05F-C60772AE9731}.Release|Any CPU.Build.0 = Release|Any CPU
	EndGlobalSection
	GlobalSection(SolutionProperties) = preSolution
		HideSolutionNode = FALSE
	EndGlobalSection
	GlobalSection(ExtensibilityGlobals) = postSolution
		SolutionGuid = {D7DB2A28-C2D8-4CC5-BED3-698061EFD60B}
	EndGlobalSection
EndGlobal
